
Microsoft Visual Studio Solution File, Format Version 12.00
Project("{2150E333-8FDC-42A3-9474-1A3956D46DE8}") = "TransactionService", "TransactionService", "{87555204-EF93-434A-90E3-C45B5FDE1FF8}"
EndProject
Project("{2150E333-8FDC-42A3-9474-1A3956D46DE8}") = "AccountService", "AccountService", "{C93453E7-06FC-4563-AD9F-865B021F7667}"
EndProject
Project("{2150E333-8FDC-42A3-9474-1A3956D46DE8}") = "Src", "Src", "{658DD62B-B5BB-4A4B-B6F8-7C89E4BEF8BE}"
EndProject
Project("{2150E333-8FDC-42A3-9474-1A3956D46DE8}") = "Common", "Common", "{4DAB9FC9-CABA-4CC9-B894-3E031964FA65}"
EndProject
Project("{2150E333-8FDC-42A3-9474-1A3956D46DE8}") = "Core", "Core", "{DE93A0FF-CED6-4542-A054-599731C0B9EE}"
EndProject
Project("{2150E333-8FDC-42A3-9474-1A3956D46DE8}") = "Infrastructure", "Infrastructure", "{67DFB2DF-05BA-4AC2-86A5-A5016FC72CEC}"
EndProject
Project("{2150E333-8FDC-42A3-9474-1A3956D46DE8}") = "Presentation", "Presentation", "{B63CEB23-9EE5-494A-9075-4AE93B3AEF74}"
EndProject
Project("{2150E333-8FDC-42A3-9474-1A3956D46DE8}") = "Src", "Src", "{3A0831A2-C967-4E1F-B377-ED175DCF5C3F}"
EndProject
Project("{2150E333-8FDC-42A3-9474-1A3956D46DE8}") = "Common", "Common", "{8F774CC2-3F5F-4FBD-B5AA-CE8E1B032A81}"
EndProject
Project("{2150E333-8FDC-42A3-9474-1A3956D46DE8}") = "Core", "Core", "{D92888C8-A216-49F6-833E-F1589D4517D2}"
EndProject
Project("{2150E333-8FDC-42A3-9474-1A3956D46DE8}") = "Infrastructure", "Infrastructure", "{498BE957-C90E-44B2-B59E-4AB9E64602A4}"
EndProject
Project("{2150E333-8FDC-42A3-9474-1A3956D46DE8}") = "Presentation", "Presentation", "{FD0043F0-5B85-49DF-9B60-CC0FE5473DD1}"
EndProject
Project("{FAE04EC0-301F-11D3-BF4B-00C04F79EFBC}") = "TransactionService.Common", "TransactionService.Common\TransactionService.Common.csproj", "{F6C5C209-1D44-45F3-A11A-F3F2B385372E}"
EndProject
Project("{FAE04EC0-301F-11D3-BF4B-00C04F79EFBC}") = "TransactionService.Application", "TransactionService.Application\TransactionService.Application.csproj", "{2589EA0C-C9AE-46E2-9A4D-5AA843B1B623}"
EndProject
Project("{FAE04EC0-301F-11D3-BF4B-00C04F79EFBC}") = "TransactionService.Domain", "TransactionService.Domain\TransactionService.Domain.csproj", "{1019A872-2493-4C93-A5A7-48C0BBD13753}"
EndProject
Project("{FAE04EC0-301F-11D3-BF4B-00C04F79EFBC}") = "TransactionService.Infrastructure", "TransactionService.Infrastructure\TransactionService.Infrastructure.csproj", "{FAC90A20-FF94-439A-9ACB-EBA443A598B8}"
EndProject
Project("{FAE04EC0-301F-11D3-BF4B-00C04F79EFBC}") = "TransactionService.Persistence", "TransactionService.Persistence\TransactionService.Persistence.csproj", "{61B4B253-EEB8-4B25-9EAA-9D94610A69FD}"
EndProject
Project("{FAE04EC0-301F-11D3-BF4B-00C04F79EFBC}") = "TransactionService.API", "TransactionService.API\TransactionService.API.csproj", "{EE8138C6-355F-4743-9AC7-4136C84C0F8C}"
EndProject
Project("{FAE04EC0-301F-11D3-BF4B-00C04F79EFBC}") = "AccountService.Common", "AccountService.Common\AccountService.Common.csproj", "{FAAAAD71-C84B-484C-9106-DF324202188A}"
EndProject
Project("{FAE04EC0-301F-11D3-BF4B-00C04F79EFBC}") = "AccountService.Application", "AccountService.Application\AccountService.Application.csproj", "{CA93FF77-7543-478B-AAA9-2ED57B1A2F95}"
EndProject
Project("{FAE04EC0-301F-11D3-BF4B-00C04F79EFBC}") = "AccountService.Domain", "AccountService.Domain\AccountService.Domain.csproj", "{C5848A0A-BC83-45FC-B68C-4DD7B34E82CA}"
EndProject
Project("{FAE04EC0-301F-11D3-BF4B-00C04F79EFBC}") = "AccountService.Infrastructure", "AccountService.Infrastructure\AccountService.Infrastructure.csproj", "{D86046ED-5296-4076-B68D-9E6099BBEC38}"
EndProject
Project("{FAE04EC0-301F-11D3-BF4B-00C04F79EFBC}") = "AccountService.Persistence", "AccountService.Persistence\AccountService.Persistence.csproj", "{27EE5BE2-EE16-4E49-B3D8-A2816556BD8C}"
EndProject
Project("{FAE04EC0-301F-11D3-BF4B-00C04F79EFBC}") = "AccountService.API", "AccountService.API\AccountService.API.csproj", "{35B503DB-85C9-441F-BB0B-1463E7268558}"
EndProject
Project("{FAE04EC0-301F-11D3-BF4B-00C04F79EFBC}") = "BankingSystem.SharedLibrary", "BankingSystem.SharedLibrary\BankingSystem.SharedLibrary.csproj", "{AAB9E9F1-F4FD-4133-8907-3BEACD975590}"
EndProject
Global
	GlobalSection(SolutionConfigurationPlatforms) = preSolution
		Debug|Any CPU = Debug|Any CPU
		Release|Any CPU = Release|Any CPU
	EndGlobalSection
	GlobalSection(NestedProjects) = preSolution
		{658DD62B-B5BB-4A4B-B6F8-7C89E4BEF8BE} = {87555204-EF93-434A-90E3-C45B5FDE1FF8}
		{4DAB9FC9-CABA-4CC9-B894-3E031964FA65} = {658DD62B-B5BB-4A4B-B6F8-7C89E4BEF8BE}
		{DE93A0FF-CED6-4542-A054-599731C0B9EE} = {658DD62B-B5BB-4A4B-B6F8-7C89E4BEF8BE}
		{67DFB2DF-05BA-4AC2-86A5-A5016FC72CEC} = {658DD62B-B5BB-4A4B-B6F8-7C89E4BEF8BE}
		{B63CEB23-9EE5-494A-9075-4AE93B3AEF74} = {658DD62B-B5BB-4A4B-B6F8-7C89E4BEF8BE}
		{3A0831A2-C967-4E1F-B377-ED175DCF5C3F} = {C93453E7-06FC-4563-AD9F-865B021F7667}
		{8F774CC2-3F5F-4FBD-B5AA-CE8E1B032A81} = {3A0831A2-C967-4E1F-B377-ED175DCF5C3F}
		{D92888C8-A216-49F6-833E-F1589D4517D2} = {3A0831A2-C967-4E1F-B377-ED175DCF5C3F}
		{498BE957-C90E-44B2-B59E-4AB9E64602A4} = {3A0831A2-C967-4E1F-B377-ED175DCF5C3F}
		{FD0043F0-5B85-49DF-9B60-CC0FE5473DD1} = {3A0831A2-C967-4E1F-B377-ED175DCF5C3F}
		{F6C5C209-1D44-45F3-A11A-F3F2B385372E} = {4DAB9FC9-CABA-4CC9-B894-3E031964FA65}
		{2589EA0C-C9AE-46E2-9A4D-5AA843B1B623} = {DE93A0FF-CED6-4542-A054-599731C0B9EE}
		{1019A872-2493-4C93-A5A7-48C0BBD13753} = {DE93A0FF-CED6-4542-A054-599731C0B9EE}
		{FAC90A20-FF94-439A-9ACB-EBA443A598B8} = {67DFB2DF-05BA-4AC2-86A5-A5016FC72CEC}
		{61B4B253-EEB8-4B25-9EAA-9D94610A69FD} = {67DFB2DF-05BA-4AC2-86A5-A5016FC72CEC}
		{EE8138C6-355F-4743-9AC7-4136C84C0F8C} = {B63CEB23-9EE5-494A-9075-4AE93B3AEF74}
		{FAAAAD71-C84B-484C-9106-DF324202188A} = {8F774CC2-3F5F-4FBD-B5AA-CE8E1B032A81}
		{CA93FF77-7543-478B-AAA9-2ED57B1A2F95} = {D92888C8-A216-49F6-833E-F1589D4517D2}
		{C5848A0A-BC83-45FC-B68C-4DD7B34E82CA} = {D92888C8-A216-49F6-833E-F1589D4517D2}
		{D86046ED-5296-4076-B68D-9E6099BBEC38} = {498BE957-C90E-44B2-B59E-4AB9E64602A4}
		{27EE5BE2-EE16-4E49-B3D8-A2816556BD8C} = {498BE957-C90E-44B2-B59E-4AB9E64602A4}
		{35B503DB-85C9-441F-BB0B-1463E7268558} = {FD0043F0-5B85-49DF-9B60-CC0FE5473DD1}
	EndGlobalSection
	GlobalSection(ProjectConfigurationPlatforms) = postSolution
		{F6C5C209-1D44-45F3-A11A-F3F2B385372E}.Debug|Any CPU.ActiveCfg = Debug|Any CPU
		{F6C5C209-1D44-45F3-A11A-F3F2B385372E}.Debug|Any CPU.Build.0 = Debug|Any CPU
		{F6C5C209-1D44-45F3-A11A-F3F2B385372E}.Release|Any CPU.ActiveCfg = Release|Any CPU
		{F6C5C209-1D44-45F3-A11A-F3F2B385372E}.Release|Any CPU.Build.0 = Release|Any CPU
		{2589EA0C-C9AE-46E2-9A4D-5AA843B1B623}.Debug|Any CPU.ActiveCfg = Debug|Any CPU
		{2589EA0C-C9AE-46E2-9A4D-5AA843B1B623}.Debug|Any CPU.Build.0 = Debug|Any CPU
		{2589EA0C-C9AE-46E2-9A4D-5AA843B1B623}.Release|Any CPU.ActiveCfg = Release|Any CPU
		{2589EA0C-C9AE-46E2-9A4D-5AA843B1B623}.Release|Any CPU.Build.0 = Release|Any CPU
		{1019A872-2493-4C93-A5A7-48C0BBD13753}.Debug|Any CPU.ActiveCfg = Debug|Any CPU
		{1019A872-2493-4C93-A5A7-48C0BBD13753}.Debug|Any CPU.Build.0 = Debug|Any CPU
		{1019A872-2493-4C93-A5A7-48C0BBD13753}.Release|Any CPU.ActiveCfg = Release|Any CPU
		{1019A872-2493-4C93-A5A7-48C0BBD13753}.Release|Any CPU.Build.0 = Release|Any CPU
		{FAC90A20-FF94-439A-9ACB-EBA443A598B8}.Debug|Any CPU.ActiveCfg = Debug|Any CPU
		{FAC90A20-FF94-439A-9ACB-EBA443A598B8}.Debug|Any CPU.Build.0 = Debug|Any CPU
		{FAC90A20-FF94-439A-9ACB-EBA443A598B8}.Release|Any CPU.ActiveCfg = Release|Any CPU
		{FAC90A20-FF94-439A-9ACB-EBA443A598B8}.Release|Any CPU.Build.0 = Release|Any CPU
		{61B4B253-EEB8-4B25-9EAA-9D94610A69FD}.Debug|Any CPU.ActiveCfg = Debug|Any CPU
		{61B4B253-EEB8-4B25-9EAA-9D94610A69FD}.Debug|Any CPU.Build.0 = Debug|Any CPU
		{61B4B253-EEB8-4B25-9EAA-9D94610A69FD}.Release|Any CPU.ActiveCfg = Release|Any CPU
		{61B4B253-EEB8-4B25-9EAA-9D94610A69FD}.Release|Any CPU.Build.0 = Release|Any CPU
		{EE8138C6-355F-4743-9AC7-4136C84C0F8C}.Debug|Any CPU.ActiveCfg = Debug|Any CPU
		{EE8138C6-355F-4743-9AC7-4136C84C0F8C}.Debug|Any CPU.Build.0 = Debug|Any CPU
		{EE8138C6-355F-4743-9AC7-4136C84C0F8C}.Release|Any CPU.ActiveCfg = Release|Any CPU
		{EE8138C6-355F-4743-9AC7-4136C84C0F8C}.Release|Any CPU.Build.0 = Release|Any CPU
		{FAAAAD71-C84B-484C-9106-DF324202188A}.Debug|Any CPU.ActiveCfg = Debug|Any CPU
		{FAAAAD71-C84B-484C-9106-DF324202188A}.Debug|Any CPU.Build.0 = Debug|Any CPU
		{FAAAAD71-C84B-484C-9106-DF324202188A}.Release|Any CPU.ActiveCfg = Release|Any CPU
		{FAAAAD71-C84B-484C-9106-DF324202188A}.Release|Any CPU.Build.0 = Release|Any CPU
		{CA93FF77-7543-478B-AAA9-2ED57B1A2F95}.Debug|Any CPU.ActiveCfg = Debug|Any CPU
		{CA93FF77-7543-478B-AAA9-2ED57B1A2F95}.Debug|Any CPU.Build.0 = Debug|Any CPU
		{CA93FF77-7543-478B-AAA9-2ED57B1A2F95}.Release|Any CPU.ActiveCfg = Release|Any CPU
		{CA93FF77-7543-478B-AAA9-2ED57B1A2F95}.Release|Any CPU.Build.0 = Release|Any CPU
		{C5848A0A-BC83-45FC-B68C-4DD7B34E82CA}.Debug|Any CPU.ActiveCfg = Debug|Any CPU
		{C5848A0A-BC83-45FC-B68C-4DD7B34E82CA}.Debug|Any CPU.Build.0 = Debug|Any CPU
		{C5848A0A-BC83-45FC-B68C-4DD7B34E82CA}.Release|Any CPU.ActiveCfg = Release|Any CPU
		{C5848A0A-BC83-45FC-B68C-4DD7B34E82CA}.Release|Any CPU.Build.0 = Release|Any CPU
		{D86046ED-5296-4076-B68D-9E6099BBEC38}.Debug|Any CPU.ActiveCfg = Debug|Any CPU
		{D86046ED-5296-4076-B68D-9E6099BBEC38}.Debug|Any CPU.Build.0 = Debug|Any CPU
		{D86046ED-5296-4076-B68D-9E6099BBEC38}.Release|Any CPU.ActiveCfg = Release|Any CPU
		{D86046ED-5296-4076-B68D-9E6099BBEC38}.Release|Any CPU.Build.0 = Release|Any CPU
		{27EE5BE2-EE16-4E49-B3D8-A2816556BD8C}.Debug|Any CPU.ActiveCfg = Debug|Any CPU
		{27EE5BE2-EE16-4E49-B3D8-A2816556BD8C}.Debug|Any CPU.Build.0 = Debug|Any CPU
		{27EE5BE2-EE16-4E49-B3D8-A2816556BD8C}.Release|Any CPU.ActiveCfg = Release|Any CPU
		{27EE5BE2-EE16-4E49-B3D8-A2816556BD8C}.Release|Any CPU.Build.0 = Release|Any CPU
		{35B503DB-85C9-441F-BB0B-1463E7268558}.Debug|Any CPU.ActiveCfg = Debug|Any CPU
		{35B503DB-85C9-441F-BB0B-1463E7268558}.Debug|Any CPU.Build.0 = Debug|Any CPU
		{35B503DB-85C9-441F-BB0B-1463E7268558}.Release|Any CPU.ActiveCfg = Release|Any CPU
		{35B503DB-85C9-441F-BB0B-1463E7268558}.Release|Any CPU.Build.0 = Release|Any CPU
		{AAB9E9F1-F4FD-4133-8907-3BEACD975590}.Debug|Any CPU.ActiveCfg = Debug|Any CPU
		{AAB9E9F1-F4FD-4133-8907-3BEACD975590}.Debug|Any CPU.Build.0 = Debug|Any CPU
		{AAB9E9F1-F4FD-4133-8907-3BEACD975590}.Release|Any CPU.ActiveCfg = Release|Any CPU
		{AAB9E9F1-F4FD-4133-8907-3BEACD975590}.Release|Any CPU.Build.0 = Release|Any CPU
	EndGlobalSection
EndGlobal
